
Microsoft Visual Studio Solution File, Format Version 12.00
Project("{FAE04EC0-301F-11D3-BF4B-00C04F79EFBC}") = "asp-front", "asp-front\asp-front.csproj", "{9EC27E6B-496F-40A8-BBBC-7751FC191D45}"
EndProject
Project("{FAE04EC0-301F-11D3-BF4B-00C04F79EFBC}") = "ath-server", "ath-server\ath-server.csproj", "{FE3ABE6A-0045-48FF-ADCA-8280EA2E285D}"
EndProject
Global
	GlobalSection(SolutionConfigurationPlatforms) = preSolution
		Debug|Any CPU = Debug|Any CPU
		Release|Any CPU = Release|Any CPU
	EndGlobalSection
	GlobalSection(ProjectConfigurationPlatforms) = postSolution
		{9EC27E6B-496F-40A8-BBBC-7751FC191D45}.Debug|Any CPU.ActiveCfg = Debug|Any CPU
		{9EC27E6B-496F-40A8-BBBC-7751FC191D45}.Debug|Any CPU.Build.0 = Debug|Any CPU
		{9EC27E6B-496F-40A8-BBBC-7751FC191D45}.Release|Any CPU.ActiveCfg = Release|Any CPU
		{9EC27E6B-496F-40A8-BBBC-7751FC191D45}.Release|Any CPU.Build.0 = Release|Any CPU
		{FE3ABE6A-0045-48FF-ADCA-8280EA2E285D}.Debug|Any CPU.ActiveCfg = Debug|Any CPU
		{FE3ABE6A-0045-48FF-ADCA-8280EA2E285D}.Debug|Any CPU.Build.0 = Debug|Any CPU
		{FE3ABE6A-0045-48FF-ADCA-8280EA2E285D}.Release|Any CPU.ActiveCfg = Release|Any CPU
		{FE3ABE6A-0045-48FF-ADCA-8280EA2E285D}.Release|Any CPU.Build.0 = Release|Any CPU
	EndGlobalSection
EndGlobal
